
Microsoft Visual Studio Solution File, Format Version 12.00
# Visual Studio Version 17
VisualStudioVersion = 17.12.35527.113 d17.12
MinimumVisualStudioVersion = 10.0.40219.1
Project("{FAE04EC0-301F-11D3-BF4B-00C04F79EFBC}") = "WebApi", "KT4_2\WebApi.csproj", "{0505A07F-2108-46F3-B630-23EE68542484}"
EndProject
Project("{FAE04EC0-301F-11D3-BF4B-00C04F79EFBC}") = "Domain", "Domain\Domain.csproj", "{4EAE7FC8-8C54-4E73-B871-DBE0F3283944}"
EndProject
Project("{FAE04EC0-301F-11D3-BF4B-00C04F79EFBC}") = "Application", "Application\Application.csproj", "{6F343154-9020-4730-84D5-800D25BC447E}"
EndProject
Project("{FAE04EC0-301F-11D3-BF4B-00C04F79EFBC}") = "Persistence", "Persistence\Persistence.csproj", "{5DB45706-D816-4D85-84D7-9FBE6696BB25}"
EndProject
Global
	GlobalSection(SolutionConfigurationPlatforms) = preSolution
		Debug|Any CPU = Debug|Any CPU
		Release|Any CPU = Release|Any CPU
	EndGlobalSection
	GlobalSection(ProjectConfigurationPlatforms) = postSolution
		{0505A07F-2108-46F3-B630-23EE68542484}.Debug|Any CPU.ActiveCfg = Debug|Any CPU
		{0505A07F-2108-46F3-B630-23EE68542484}.Debug|Any CPU.Build.0 = Debug|Any CPU
		{0505A07F-2108-46F3-B630-23EE68542484}.Release|Any CPU.ActiveCfg = Release|Any CPU
		{0505A07F-2108-46F3-B630-23EE68542484}.Release|Any CPU.Build.0 = Release|Any CPU
		{4EAE7FC8-8C54-4E73-B871-DBE0F3283944}.Debug|Any CPU.ActiveCfg = Debug|Any CPU
		{4EAE7FC8-8C54-4E73-B871-DBE0F3283944}.Debug|Any CPU.Build.0 = Debug|Any CPU
		{4EAE7FC8-8C54-4E73-B871-DBE0F3283944}.Release|Any CPU.ActiveCfg = Release|Any CPU
		{4EAE7FC8-8C54-4E73-B871-DBE0F3283944}.Release|Any CPU.Build.0 = Release|Any CPU
		{6F343154-9020-4730-84D5-800D25BC447E}.Debug|Any CPU.ActiveCfg = Debug|Any CPU
		{6F343154-9020-4730-84D5-800D25BC447E}.Debug|Any CPU.Build.0 = Debug|Any CPU
		{6F343154-9020-4730-84D5-800D25BC447E}.Release|Any CPU.ActiveCfg = Release|Any CPU
		{6F343154-9020-4730-84D5-800D25BC447E}.Release|Any CPU.Build.0 = Release|Any CPU
		{5DB45706-D816-4D85-84D7-9FBE6696BB25}.Debug|Any CPU.ActiveCfg = Debug|Any CPU
		{5DB45706-D816-4D85-84D7-9FBE6696BB25}.Debug|Any CPU.Build.0 = Debug|Any CPU
		{5DB45706-D816-4D85-84D7-9FBE6696BB25}.Release|Any CPU.ActiveCfg = Release|Any CPU
		{5DB45706-D816-4D85-84D7-9FBE6696BB25}.Release|Any CPU.Build.0 = Release|Any CPU
	EndGlobalSection
	GlobalSection(SolutionProperties) = preSolution
		HideSolutionNode = FALSE
	EndGlobalSection
EndGlobal
